
Microsoft Visual Studio Solution File, Format Version 12.00
# Visual Studio Version 17
VisualStudioVersion = 17.9.34622.214
MinimumVisualStudioVersion = 10.0.40219.1
Project("{FAE04EC0-301F-11D3-BF4B-00C04F79EFBC}") = "Exercise16", "Exercise16.csproj", "{23DF3C87-6999-4857-8439-304E75451FE2}"
EndProject
Global
	GlobalSection(SolutionConfigurationPlatforms) = preSolution
		Debug|Any CPU = Debug|Any CPU
		Release|Any CPU = Release|Any CPU
	EndGlobalSection
	GlobalSection(ProjectConfigurationPlatforms) = postSolution
		{23DF3C87-6999-4857-8439-304E75451FE2}.Debug|Any CPU.ActiveCfg = Debug|Any CPU
		{23DF3C87-6999-4857-8439-304E75451FE2}.Debug|Any CPU.Build.0 = Debug|Any CPU
		{23DF3C87-6999-4857-8439-304E75451FE2}.Release|Any CPU.ActiveCfg = Release|Any CPU
		{23DF3C87-6999-4857-8439-304E75451FE2}.Release|Any CPU.Build.0 = Release|Any CPU
	EndGlobalSection
	GlobalSection(SolutionProperties) = preSolution
		HideSolutionNode = FALSE
	EndGlobalSection
	GlobalSection(ExtensibilityGlobals) = postSolution
		SolutionGuid = {B851DBB1-28A9-4593-A964-AFDE828D6857}
	EndGlobalSection
EndGlobal
